
Microsoft Visual Studio Solution File, Format Version 12.00
# Visual Studio Version 17
VisualStudioVersion = 17.10.35027.167
MinimumVisualStudioVersion = 10.0.40219.1
Project("{FAE04EC0-301F-11D3-BF4B-00C04F79EFBC}") = "WindosFormGasto", "WindosFormGasto\WindosFormGasto.csproj", "{4AEC2601-7B89-4428-A6D0-417E9488046F}"
EndProject
Global
	GlobalSection(SolutionConfigurationPlatforms) = preSolution
		Debug|Any CPU = Debug|Any CPU
		Release|Any CPU = Release|Any CPU
	EndGlobalSection
	GlobalSection(ProjectConfigurationPlatforms) = postSolution
		{4AEC2601-7B89-4428-A6D0-417E9488046F}.Debug|Any CPU.ActiveCfg = Debug|Any CPU
		{4AEC2601-7B89-4428-A6D0-417E9488046F}.Debug|Any CPU.Build.0 = Debug|Any CPU
		{4AEC2601-7B89-4428-A6D0-417E9488046F}.Release|Any CPU.ActiveCfg = Release|Any CPU
		{4AEC2601-7B89-4428-A6D0-417E9488046F}.Release|Any CPU.Build.0 = Release|Any CPU
	EndGlobalSection
	GlobalSection(SolutionProperties) = preSolution
		HideSolutionNode = FALSE
	EndGlobalSection
	GlobalSection(ExtensibilityGlobals) = postSolution
		SolutionGuid = {45A601DF-E906-4ADB-8127-06119053CEE3}
	EndGlobalSection
EndGlobal
